# Generated by buf. DO NOT EDIT.
version: v2
deps:
  - name: buf.build/cometbft/cometbft
    commit: 68e42a58b3014033aee53aa3202bf37c
    digest: b5:8a2b372dbf835ede4a02bc755b23cb34c33aa7ea6933f8676ae76d8fef51c90678daff2fe98a8148bfc494eea46a9390af71fd810455cf9795d506e96d84031f
  - name: buf.build/cosmos/gogo-proto
    commit: 88ef6483f90f478fb938c37dde52ece3
    digest: b5:f0c69202c9bca9672dc72a9737ea9bc83744daaed2b3da77e3a95b0e53b86dee76b5a7405b993181d6c863fd64afaca0976a302f700d6c4912eb1692a1782c0a
  - name: buf.build/openaudio/ddex
    commit: 9e69f3db20f242c98ed678786c2053c5
    digest: b5:7022cc8192b99a1e3dc2236072cb14aecb1e1132d5d9ccb368e34987bd2cd9f5756cbc2e1c9efe3a48f690ad694f0d8cfd978dac754e237ca94cb5c68227a52f
